{
  "nodes": {
    "flake-schemas": {
      "locked": {
        "lastModified": 1721999734,
        "narHash": "sha256-G5CxYeJVm4lcEtaO87LKzOsVnWeTcHGKbKxNamNWgOw=",
        "rev": "0a5c42297d870156d9c57d8f99e476b738dcd982",
        "revCount": 75,
        "type": "tarball",
        "url": "https://api.flakehub.com/f/pinned/DeterminateSystems/flake-schemas/0.1.5/0190ef2f-61e0-794b-ba14-e82f225e55e6/source.tar.gz"
      },
      "original": {
        "type": "tarball",
        "url": "https://flakehub.com/f/DeterminateSystems/flake-schemas/%3D0.1.5.tar.gz"
      }
    },
    "home-manager": {
      "inputs": {
        "nixpkgs": [
          "nixpkgs"
        ]
      },
      "locked": {
        "lastModified": 1781319724,
        "narHash": "sha256-ZGuxexEMo4Xv28KJ0dX/m/PHN4oZIOnxHZpNTyrvx4M=",
        "owner": "nix-community",
        "repo": "home-manager",
        "rev": "8355f0a16b2dbb06a97959a918af5b239bbe05ae",
        "type": "github"
      },
      "original": {
        "owner": "nix-community",
        "ref": "release-26.05",
        "repo": "home-manager",
        "type": "github"
      }
    },
    "home-manager_2": {
      "inputs": {
        "nixpkgs": [
          "nyx",
          "nixpkgs"
        ]
      },
      "locked": {
        "lastModified": 1781667738,
        "narHash": "sha256-OxrwHpsWf+QGbos1LMDGAcv7sjBGshcw/43th6waeYI=",
        "owner": "nix-community",
        "repo": "home-manager",
        "rev": "7664e05e2413d5e2b8c54a884eb8ea0f8a504fc2",
        "type": "github"
      },
      "original": {
        "owner": "nix-community",
        "repo": "home-manager",
        "type": "github"
      }
    },
    "jovian": {
      "inputs": {
        "nix-github-actions": [
          "nyx"
        ],
        "nixpkgs": [
          "nyx",
          "nixpkgs"
        ]
      },
      "locked": {
        "lastModified": 1781344759,
        "narHash": "sha256-S6UBeQM7NLaQX6RZYS65fMypWfRQL/F4iRu0y8sTLPc=",
        "owner": "Jovian-Experiments",
        "repo": "Jovian-NixOS",
        "rev": "ffac737e4117f7e9f070d38078801a5433f19d5b",
        "type": "github"
      },
      "original": {
        "owner": "Jovian-Experiments",
        "repo": "Jovian-NixOS",
        "type": "github"
      }
    },
    "niks3": {
      "inputs": {
        "nixpkgs": [
          "nyx",
          "nixpkgs"
        ],
        "treefmt-nix": [
          "nyx"
        ]
      },
      "locked": {
        "lastModified": 1781027181,
        "narHash": "sha256-IHIUd1/lYTaS4ilHZNV6+x0fchxDpvUdMjwnnEBASu4=",
        "owner": "Mic92",
        "repo": "niks3",
        "rev": "c74d275536d9a38ff279b498612fae0fd68cfe85",
        "type": "github"
      },
      "original": {
        "owner": "Mic92",
        "repo": "niks3",
        "rev": "c74d275536d9a38ff279b498612fae0fd68cfe85",
        "type": "github"
      }
    },
    "nixpkgs": {
      "locked": {
        "lastModified": 1781216227,
        "narHash": "sha256-9mUW6gNwoN2SWc/l0fW4svPNOulXLl8ijqKyeSOGgJE=",
        "owner": "NixOS",
        "repo": "nixpkgs",
        "rev": "a0374025a863d007d98e3297f6aa46cc3141c2f0",
        "type": "github"
      },
      "original": {
        "owner": "NixOS",
        "ref": "nixos-26.05",
        "repo": "nixpkgs",
        "type": "github"
      }
    },
    "nyx": {
      "inputs": {
        "flake-schemas": "flake-schemas",
        "home-manager": "home-manager_2",
        "jovian": "jovian",
        "niks3": "niks3",
        "nixpkgs": [
          "nixpkgs"
        ],
        "rust-overlay": "rust-overlay"
      },
      "locked": {
        "lastModified": 1781700805,
        "narHash": "sha256-K6SCtCNhhCBtSeLak55eQI+rycCz/UDEvviNQCVU4n0=",
        "owner": "chaotic-cx",
        "repo": "nyx",
        "rev": "a260429ee881c104943340a9c267dfbd9b3f87f2",
        "type": "github"
      },
      "original": {
        "owner": "chaotic-cx",
        "ref": "nyxpkgs-unstable",
        "repo": "nyx",
        "type": "github"
      }
    },
    "root": {
      "inputs": {
        "home-manager": "home-manager",
        "nixpkgs": "nixpkgs",
        "nyx": "nyx"
      }
    },
    "rust-overlay": {
      "inputs": {
        "nixpkgs": [
          "nyx",
          "nixpkgs"
        ]
      },
      "locked": {
        "lastModified": 1781666412,
        "narHash": "sha256-Tzgol+o9+V4lK99r4AERI4pyFoZwg6Si2xUd1wc/WQU=",
        "owner": "oxalica",
        "repo": "rust-overlay",
        "rev": "d0e019d9543f0f1215a3d961fc4dca59aa29c638",
        "type": "github"
      },
      "original": {
        "owner": "oxalica",
        "repo": "rust-overlay",
        "type": "github"
      }
    }
  },
  "root": "root",
  "version": 7
}
